
Microsoft Visual Studio Solution File, Format Version 12.00
# Visual Studio 15
VisualStudioVersion = 15.0.26430.6
MinimumVisualStudioVersion = 10.0.40219.1
Project("{FAE04EC0-301F-11D3-BF4B-00C04F79EFBC}") = "TypedConfigProvider", "TypedConfigProvider\TypedConfigProvider.csproj", "{4BF1EED0-0965-45DC-A64D-B09C64D39E99}"
EndProject
Project("{FAE04EC0-301F-11D3-BF4B-00C04F79EFBC}") = "Tests", "Tests\Tests.csproj", "{23F57303-5E82-4F7C-BA83-ADAA68F21A8B}"
EndProject
Global
	GlobalSection(SolutionConfigurationPlatforms) = preSolution
		Debug|Any CPU = Debug|Any CPU
		Release|Any CPU = Release|Any CPU
	EndGlobalSection
	GlobalSection(ProjectConfigurationPlatforms) = postSolution
		{4BF1EED0-0965-45DC-A64D-B09C64D39E99}.Debug|Any CPU.ActiveCfg = Debug|Any CPU
		{4BF1EED0-0965-45DC-A64D-B09C64D39E99}.Debug|Any CPU.Build.0 = Debug|Any CPU
		{4BF1EED0-0965-45DC-A64D-B09C64D39E99}.Release|Any CPU.ActiveCfg = Release|Any CPU
		{4BF1EED0-0965-45DC-A64D-B09C64D39E99}.Release|Any CPU.Build.0 = Release|Any CPU
		{23F57303-5E82-4F7C-BA83-ADAA68F21A8B}.Debug|Any CPU.ActiveCfg = Debug|Any CPU
		{23F57303-5E82-4F7C-BA83-ADAA68F21A8B}.Debug|Any CPU.Build.0 = Debug|Any CPU
		{23F57303-5E82-4F7C-BA83-ADAA68F21A8B}.Release|Any CPU.ActiveCfg = Release|Any CPU
		{23F57303-5E82-4F7C-BA83-ADAA68F21A8B}.Release|Any CPU.Build.0 = Release|Any CPU
	EndGlobalSection
	GlobalSection(SolutionProperties) = preSolution
		HideSolutionNode = FALSE
	EndGlobalSection
EndGlobal
